// !$*UTF8*$!
{
	archiveVersion = 1;
	classes = {
	};
	objectVersion = 56;
	objects = {

/* Begin PBXBuildFile section */
		1A0000000000000000000001 /* SynthApp.swift in Sources */ = {isa = PBXBuildFile; fileRef = 1A0000000000000000000011 /* SynthApp.swift */; };
		1A0000000000000000000041 /* Theme.swift in Sources */ = {isa = PBXBuildFile; fileRef = 1A0000000000000000000015 /* Theme.swift */; };
		1A0000000000000000000042 /* Document.swift in Sources */ = {isa = PBXBuildFile; fileRef = 1A0000000000000000000016 /* Document.swift */; };
		1B314FD176A9126C2D604BDE /* MarkdownEditor.swift in Sources */ = {isa = PBXBuildFile; fileRef = 1AA6ED82B3EDEA8D09A55E16 /* MarkdownEditor.swift */; };
		1D9182416C9E0B08F19A681C /* FileLauncher.swift in Sources */ = {isa = PBXBuildFile; fileRef = 1CED1C0DF1D02542388054A9 /* FileLauncher.swift */; };
		1A0000000000000000000045 /* ContentView.swift in Sources */ = {isa = PBXBuildFile; fileRef = 1A0000000000000000000019 /* ContentView.swift */; };
		1A0000000000000000000047 /* DocumentStore.swift in Sources */ = {isa = PBXBuildFile; fileRef = 1A000000000000000000001B /* DocumentStore.swift */; };
		1A0000000000000000000048 /* SettingsView.swift in Sources */ = {isa = PBXBuildFile; fileRef = 1A000000000000000000001C /* SettingsView.swift */; };
		1A0000000000000000000049 /* DocumentChatTray.swift in Sources */ = {isa = PBXBuildFile; fileRef = 1A000000000000000000001D /* DocumentChatTray.swift */; };
		1A000000000000000000004A /* ACPClient.swift in Sources */ = {isa = PBXBuildFile; fileRef = 1A000000000000000000001E /* ACPClient.swift */; };
		1A000000000000000000004B /* DocumentChatState.swift in Sources */ = {isa = PBXBuildFile; fileRef = 1A000000000000000000001F /* DocumentChatState.swift */; };
		1A000000000000000000004C /* ACPTypes.swift in Sources */ = {isa = PBXBuildFile; fileRef = 1A0000000000000000000025 /* ACPTypes.swift */; };
		1A000000000000000000004D /* ChatBubbles.swift in Sources */ = {isa = PBXBuildFile; fileRef = 1A0000000000000000000026 /* ChatBubbles.swift */; };
		1A000000000000000000004E /* ChatInputBar.swift in Sources */ = {isa = PBXBuildFile; fileRef = 1A0000000000000000000027 /* ChatInputBar.swift */; };
		1A000000000000000000004F /* FileTreeNode.swift in Sources */ = {isa = PBXBuildFile; fileRef = 1A0000000000000000000028 /* FileTreeNode.swift */; };
		1A0000000000000000000201 /* LinkStore.swift in Sources */ = {isa = PBXBuildFile; fileRef = 1A0000000000000000000101 /* LinkStore.swift */; };
		1A0000000000000000000202 /* LinksView.swift in Sources */ = {isa = PBXBuildFile; fileRef = 1A0000000000000000000102 /* LinksView.swift */; };
		1A0000000000000000000203 /* LinkCaptureView.swift in Sources */ = {isa = PBXBuildFile; fileRef = 1A0000000000000000000103 /* LinkCaptureView.swift */; };
		1A0000000000000000000204 /* GlobalHotkeyMonitor.swift in Sources */ = {isa = PBXBuildFile; fileRef = 1A0000000000000000000104 /* GlobalHotkeyMonitor.swift */; };
		1A0000000000000000000205 /* LinkStoreTests.swift in Sources */ = {isa = PBXBuildFile; fileRef = 1A0000000000000000000105 /* LinkStoreTests.swift */; };
		1A0000000000000000000206 /* XCTest.framework in Frameworks */ = {isa = PBXBuildFile; fileRef = 1A0000000000000000000107 /* XCTest.framework */; };
		2A0000000000000000000701 /* NoteIndex.swift in Sources */ = {isa = PBXBuildFile; fileRef = 1A0000000000000000000111 /* NoteIndex.swift */; };
		2A0000000000000000000702 /* WikiLinkPopover.swift in Sources */ = {isa = PBXBuildFile; fileRef = 1A0000000000000000000112 /* WikiLinkPopover.swift */; };
		2A0000000000000000000703 /* DailyNoteResolver.swift in Sources */ = {isa = PBXBuildFile; fileRef = 1A0000000000000000000113 /* DailyNoteResolver.swift */; };
		3A0000000000000000000801 /* BacklinkIndex.swift in Sources */ = {isa = PBXBuildFile; fileRef = 1A0000000000000000000121 /* BacklinkIndex.swift */; };
		3A0000000000000000000802 /* BacklinksView.swift in Sources */ = {isa = PBXBuildFile; fileRef = 1A0000000000000000000122 /* BacklinksView.swift */; };
		3A0000000000000000000803 /* TagIndex.swift in Sources */ = {isa = PBXBuildFile; fileRef = 1A0000000000000000000123 /* TagIndex.swift */; };
		3A0000000000000000000804 /* TagBrowserView.swift in Sources */ = {isa = PBXBuildFile; fileRef = 1A0000000000000000000124 /* TagBrowserView.swift */; };
		3A0000000000000000000805 /* RelatedNotesView.swift in Sources */ = {isa = PBXBuildFile; fileRef = 1A0000000000000000000125 /* RelatedNotesView.swift */; };
		3A0000000000000000000806 /* PeopleIndex.swift in Sources */ = {isa = PBXBuildFile; fileRef = 1A0000000000000000000126 /* PeopleIndex.swift */; };
		3A0000000000000000000807 /* PeopleBrowserView.swift in Sources */ = {isa = PBXBuildFile; fileRef = 1A0000000000000000000127 /* PeopleBrowserView.swift */; };
		1A0000000000000000000207 /* MeetingNoteView.swift in Sources */ = {isa = PBXBuildFile; fileRef = 1A0000000000000000000109 /* MeetingNoteView.swift */; };
		4A0000000000000000000901 /* SynthMcpResolver.swift in Sources */ = {isa = PBXBuildFile; fileRef = 4A0000000000000000000131 /* SynthMcpResolver.swift */; };
		4A0000000000000000000902 /* MCPServerManager.swift in Sources */ = {isa = PBXBuildFile; fileRef = 4A0000000000000000000132 /* MCPServerManager.swift */; };
/* End PBXBuildFile section */

/* Begin PBXFileReference section */
		1A0000000000000000000010 /* Synth.app */ = {isa = PBXFileReference; explicitFileType = wrapper.application; includeInIndex = 0; path = Synth.app; sourceTree = BUILT_PRODUCTS_DIR; };
		1A0000000000000000000011 /* SynthApp.swift */ = {isa = PBXFileReference; lastKnownFileType = sourcecode.swift; path = SynthApp.swift; sourceTree = "<group>"; };
		1A0000000000000000000012 /* libsynth_core.a */ = {isa = PBXFileReference; lastKnownFileType = archive.ar; name = libsynth_core.a; path = "synth-core/target/release/libsynth_core.a"; sourceTree = "<group>"; };
		1A0000000000000000000013 /* BridgingHeader.h */ = {isa = PBXFileReference; lastKnownFileType = sourcecode.c.h; path = BridgingHeader.h; sourceTree = "<group>"; };
		1A0000000000000000000014 /* synth_core.h */ = {isa = PBXFileReference; lastKnownFileType = sourcecode.c.h; name = synth_core.h; path = "synth-core/synth_core.h"; sourceTree = "<group>"; };
		1A0000000000000000000015 /* Theme.swift */ = {isa = PBXFileReference; lastKnownFileType = sourcecode.swift; path = Theme.swift; sourceTree = "<group>"; };
		1A0000000000000000000016 /* Document.swift */ = {isa = PBXFileReference; lastKnownFileType = sourcecode.swift; path = Document.swift; sourceTree = "<group>"; };
		1AA6ED82B3EDEA8D09A55E16 /* MarkdownEditor.swift */ = {isa = PBXFileReference; lastKnownFileType = sourcecode.swift; path = MarkdownEditor.swift; sourceTree = "<group>"; };
		1CED1C0DF1D02542388054A9 /* FileLauncher.swift */ = {isa = PBXFileReference; lastKnownFileType = sourcecode.swift; path = FileLauncher.swift; sourceTree = "<group>"; };
		1A0000000000000000000019 /* ContentView.swift */ = {isa = PBXFileReference; lastKnownFileType = sourcecode.swift; path = ContentView.swift; sourceTree = "<group>"; };
		1A000000000000000000001B /* DocumentStore.swift */ = {isa = PBXFileReference; lastKnownFileType = sourcecode.swift; path = DocumentStore.swift; sourceTree = "<group>"; };
		1A000000000000000000001C /* SettingsView.swift */ = {isa = PBXFileReference; lastKnownFileType = sourcecode.swift; path = SettingsView.swift; sourceTree = "<group>"; };
		1A000000000000000000001D /* DocumentChatTray.swift */ = {isa = PBXFileReference; lastKnownFileType = sourcecode.swift; path = DocumentChatTray.swift; sourceTree = "<group>"; };
		1A000000000000000000001E /* ACPClient.swift */ = {isa = PBXFileReference; lastKnownFileType = sourcecode.swift; path = ACPClient.swift; sourceTree = "<group>"; };
		1A000000000000000000001F /* DocumentChatState.swift */ = {isa = PBXFileReference; lastKnownFileType = sourcecode.swift; path = DocumentChatState.swift; sourceTree = "<group>"; };
		1A0000000000000000000025 /* ACPTypes.swift */ = {isa = PBXFileReference; lastKnownFileType = sourcecode.swift; path = ACPTypes.swift; sourceTree = "<group>"; };
		1A0000000000000000000026 /* ChatBubbles.swift */ = {isa = PBXFileReference; lastKnownFileType = sourcecode.swift; path = ChatBubbles.swift; sourceTree = "<group>"; };
		1A0000000000000000000027 /* ChatInputBar.swift */ = {isa = PBXFileReference; lastKnownFileType = sourcecode.swift; path = ChatInputBar.swift; sourceTree = "<group>"; };
		1A0000000000000000000028 /* FileTreeNode.swift */ = {isa = PBXFileReference; lastKnownFileType = sourcecode.swift; path = FileTreeNode.swift; sourceTree = "<group>"; };
		1A0000000000000000000101 /* LinkStore.swift */ = {isa = PBXFileReference; lastKnownFileType = sourcecode.swift; path = LinkStore.swift; sourceTree = "<group>"; };
		1A0000000000000000000102 /* LinksView.swift */ = {isa = PBXFileReference; lastKnownFileType = sourcecode.swift; path = LinksView.swift; sourceTree = "<group>"; };
		1A0000000000000000000103 /* LinkCaptureView.swift */ = {isa = PBXFileReference; lastKnownFileType = sourcecode.swift; path = LinkCaptureView.swift; sourceTree = "<group>"; };
		1A0000000000000000000104 /* GlobalHotkeyMonitor.swift */ = {isa = PBXFileReference; lastKnownFileType = sourcecode.swift; path = GlobalHotkeyMonitor.swift; sourceTree = "<group>"; };
		1A0000000000000000000105 /* LinkStoreTests.swift */ = {isa = PBXFileReference; lastKnownFileType = sourcecode.swift; path = LinkStoreTests.swift; sourceTree = "<group>"; };
		1A0000000000000000000106 /* Info.plist */ = {isa = PBXFileReference; lastKnownFileType = text.plist.xml; path = Info.plist; sourceTree = "<group>"; };
		1A0000000000000000000107 /* XCTest.framework */ = {isa = PBXFileReference; lastKnownFileType = wrapper.framework; name = XCTest.framework; path = System/Library/Frameworks/XCTest.framework; sourceTree = SDKROOT; };
		1A0000000000000000000108 /* SynthTests.xctest */ = {isa = PBXFileReference; explicitFileType = wrapper.cfbundle; includeInIndex = 0; path = SynthTests.xctest; sourceTree = BUILT_PRODUCTS_DIR; };
		1A0000000000000000000111 /* NoteIndex.swift */ = {isa = PBXFileReference; lastKnownFileType = sourcecode.swift; path = NoteIndex.swift; sourceTree = "<group>"; };
		1A0000000000000000000112 /* WikiLinkPopover.swift */ = {isa = PBXFileReference; lastKnownFileType = sourcecode.swift; path = WikiLinkPopover.swift; sourceTree = "<group>"; };
		1A0000000000000000000113 /* DailyNoteResolver.swift */ = {isa = PBXFileReference; lastKnownFileType = sourcecode.swift; path = DailyNoteResolver.swift; sourceTree = "<group>"; };
		1A0000000000000000000121 /* BacklinkIndex.swift */ = {isa = PBXFileReference; lastKnownFileType = sourcecode.swift; path = BacklinkIndex.swift; sourceTree = "<group>"; };
		1A0000000000000000000122 /* BacklinksView.swift */ = {isa = PBXFileReference; lastKnownFileType = sourcecode.swift; path = BacklinksView.swift; sourceTree = "<group>"; };
		1A0000000000000000000123 /* TagIndex.swift */ = {isa = PBXFileReference; lastKnownFileType = sourcecode.swift; path = TagIndex.swift; sourceTree = "<group>"; };
		1A0000000000000000000124 /* TagBrowserView.swift */ = {isa = PBXFileReference; lastKnownFileType = sourcecode.swift; path = TagBrowserView.swift; sourceTree = "<group>"; };
		1A0000000000000000000125 /* RelatedNotesView.swift */ = {isa = PBXFileReference; lastKnownFileType = sourcecode.swift; path = RelatedNotesView.swift; sourceTree = "<group>"; };
		1A0000000000000000000126 /* PeopleIndex.swift */ = {isa = PBXFileReference; lastKnownFileType = sourcecode.swift; path = PeopleIndex.swift; sourceTree = "<group>"; };
		1A0000000000000000000127 /* PeopleBrowserView.swift */ = {isa = PBXFileReference; lastKnownFileType = sourcecode.swift; path = PeopleBrowserView.swift; sourceTree = "<group>"; };
		1A0000000000000000000109 /* MeetingNoteView.swift */ = {isa = PBXFileReference; lastKnownFileType = sourcecode.swift; path = MeetingNoteView.swift; sourceTree = "<group>"; };
		4A0000000000000000000131 /* SynthMcpResolver.swift */ = {isa = PBXFileReference; lastKnownFileType = sourcecode.swift; path = SynthMcpResolver.swift; sourceTree = "<group>"; };
		4A0000000000000000000132 /* MCPServerManager.swift */ = {isa = PBXFileReference; lastKnownFileType = sourcecode.swift; path = MCPServerManager.swift; sourceTree = "<group>"; };
/* End PBXFileReference section */

/* Begin PBXFrameworksBuildPhase section */
		1A000000000000000000000D /* Frameworks */ = {
			isa = PBXFrameworksBuildPhase;
			buildActionMask = 2147483647;
			files = (
			);
			runOnlyForDeploymentPostprocessing = 0;
		};
		1A0000000000000000000502 /* Frameworks */ = {
			isa = PBXFrameworksBuildPhase;
			buildActionMask = 2147483647;
			files = (
				1A0000000000000000000206 /* XCTest.framework in Frameworks */,
			);
			runOnlyForDeploymentPostprocessing = 0;
		};
/* End PBXFrameworksBuildPhase section */

/* Begin PBXGroup section */
		1A0000000000000000000003 = {
			isa = PBXGroup;
			children = (
				1A0000000000000000000004 /* SynthApp */,
				1A0000000000000000000301 /* SynthAppTests */,
				1A0000000000000000000005 /* Frameworks */,
				1A0000000000000000000006 /* Products */,
			);
			sourceTree = "<group>";
		};
		1A0000000000000000000004 /* SynthApp */ = {
			isa = PBXGroup;
			children = (
				1A0000000000000000000011 /* SynthApp.swift */,
				1A0000000000000000000104 /* GlobalHotkeyMonitor.swift */,
				1A0000000000000000000101 /* LinkStore.swift */,
				1A0000000000000000000102 /* LinksView.swift */,
				1A0000000000000000000103 /* LinkCaptureView.swift */,
				1A0000000000000000000109 /* MeetingNoteView.swift */,
				1AA6ED82B3EDEA8D09A55E16 /* MarkdownEditor.swift */,

				1CED1C0DF1D02542388054A9 /* FileLauncher.swift */,


				1A0000000000000000000019 /* ContentView.swift */,
				1A000000000000000000001B /* DocumentStore.swift */,
				1A000000000000000000001C /* SettingsView.swift */,
				1A000000000000000000001D /* DocumentChatTray.swift */,
				1A000000000000000000001E /* ACPClient.swift */,
				1A000000000000000000001F /* DocumentChatState.swift */,
				1A0000000000000000000025 /* ACPTypes.swift */,
				1A0000000000000000000026 /* ChatBubbles.swift */,
				1A0000000000000000000027 /* ChatInputBar.swift */,
				1A0000000000000000000028 /* FileTreeNode.swift */,
				1A0000000000000000000015 /* Theme.swift */,
				1A0000000000000000000016 /* Document.swift */,
				1A0000000000000000000111 /* NoteIndex.swift */,
				1A0000000000000000000112 /* WikiLinkPopover.swift */,
				1A0000000000000000000113 /* DailyNoteResolver.swift */,
				1A0000000000000000000121 /* BacklinkIndex.swift */,
				1A0000000000000000000122 /* BacklinksView.swift */,
				1A0000000000000000000123 /* TagIndex.swift */,
				1A0000000000000000000124 /* TagBrowserView.swift */,
				1A0000000000000000000125 /* RelatedNotesView.swift */,
				1A0000000000000000000126 /* PeopleIndex.swift */,
				1A0000000000000000000127 /* PeopleBrowserView.swift */,
				4A0000000000000000000131 /* SynthMcpResolver.swift */,
				4A0000000000000000000132 /* MCPServerManager.swift */,
				1A0000000000000000000013 /* BridgingHeader.h */,
			);
			path = SynthApp;
			sourceTree = "<group>";
		};
		1A0000000000000000000301 /* SynthAppTests */ = {
			isa = PBXGroup;
			children = (
				1A0000000000000000000105 /* LinkStoreTests.swift */,
				1A0000000000000000000106 /* Info.plist */,
			);
			path = SynthAppTests;
			sourceTree = "<group>";
		};
		1A0000000000000000000005 /* Frameworks */ = {
			isa = PBXGroup;
			children = (
				1A0000000000000000000012 /* libsynth_core.a */,
				1A0000000000000000000014 /* synth_core.h */,
				1A0000000000000000000107 /* XCTest.framework */,
			);
			name = Frameworks;
			sourceTree = "<group>";
		};
		1A0000000000000000000006 /* Products */ = {
			isa = PBXGroup;
			children = (
				1A0000000000000000000010 /* Synth.app */,
				1A0000000000000000000108 /* SynthTests.xctest */,
			);
			name = Products;
			sourceTree = "<group>";
		};
/* End PBXGroup section */

/* Begin PBXNativeTarget section */
		1A000000000000000000000F /* Synth */ = {
			isa = PBXNativeTarget;
			buildConfigurationList = 1A0000000000000000000020 /* Build configuration list for PBXNativeTarget "Synth" */;
			buildPhases = (
				1A0000000000000000000030 /* Build Rust */,
				1A000000000000000000000C /* Sources */,
				1A000000000000000000000D /* Frameworks */,
			);
			buildRules = (
			);
			dependencies = (
			);
			name = Synth;
			productName = Synth;
			productReference = 1A0000000000000000000010 /* Synth.app */;
			productType = "com.apple.product-type.application";
		};
		1A0000000000000000000401 /* SynthTests */ = {
			isa = PBXNativeTarget;
			buildConfigurationList = 1A0000000000000000000601 /* Build configuration list for PBXNativeTarget "SynthTests" */;
			buildPhases = (
				1A0000000000000000000501 /* Sources */,
				1A0000000000000000000502 /* Frameworks */,
			);
			buildRules = (
			);
			dependencies = (
			);
			name = SynthTests;
			productName = SynthTests;
			productReference = 1A0000000000000000000108 /* SynthTests.xctest */;
			productType = "com.apple.product-type.bundle.unit-test";
		};
/* End PBXNativeTarget section */

/* Begin PBXProject section */
		1A0000000000000000000007 /* Project object */ = {
			isa = PBXProject;
			attributes = {
				BuildIndependentTargetsInParallel = 1;
				LastSwiftUpdateCheck = 1500;
				LastUpgradeCheck = 2620;
			};
			buildConfigurationList = 1A000000000000000000000A /* Build configuration list for PBXProject "Synth" */;
			compatibilityVersion = "Xcode 14.0";
			developmentRegion = en;
			hasScannedForEncodings = 0;
			knownRegions = (
				en,
				Base,
			);
			mainGroup = 1A0000000000000000000003;
			productRefGroup = 1A0000000000000000000006 /* Products */;
			projectDirPath = "";
			projectRoot = "";
			targets = (
				1A000000000000000000000F /* Synth */,
				1A0000000000000000000401 /* SynthTests */,
			);
		};
/* End PBXProject section */

/* Begin PBXShellScriptBuildPhase section */
		1A0000000000000000000030 /* Build Rust */ = {
			isa = PBXShellScriptBuildPhase;
			alwaysOutOfDate = 1;
			buildActionMask = 2147483647;
			files = (
			);
			inputPaths = (
			);
			name = "Build Rust";
			outputPaths = (
			);
			runOnlyForDeploymentPostprocessing = 0;
			shellPath = /bin/bash;
			shellScript = "\"$PROJECT_DIR/scripts/build-rust.sh\"\n";
		};
/* End PBXShellScriptBuildPhase section */

/* Begin PBXSourcesBuildPhase section */
		1A000000000000000000000C /* Sources */ = {
			isa = PBXSourcesBuildPhase;
			buildActionMask = 2147483647;
			files = (
				1A0000000000000000000001 /* SynthApp.swift in Sources */,
				1B314FD176A9126C2D604BDE /* MarkdownEditor.swift in Sources */,

				1D9182416C9E0B08F19A681C /* FileLauncher.swift in Sources */,


				1A0000000000000000000045 /* ContentView.swift in Sources */,
				1A0000000000000000000204 /* GlobalHotkeyMonitor.swift in Sources */,
				1A0000000000000000000201 /* LinkStore.swift in Sources */,
				1A0000000000000000000202 /* LinksView.swift in Sources */,
				1A0000000000000000000203 /* LinkCaptureView.swift in Sources */,
				1A0000000000000000000207 /* MeetingNoteView.swift in Sources */,
				1A0000000000000000000047 /* DocumentStore.swift in Sources */,
				1A0000000000000000000048 /* SettingsView.swift in Sources */,
				1A0000000000000000000049 /* DocumentChatTray.swift in Sources */,
				1A000000000000000000004A /* ACPClient.swift in Sources */,
				1A000000000000000000004B /* DocumentChatState.swift in Sources */,
				1A000000000000000000004C /* ACPTypes.swift in Sources */,
				1A000000000000000000004D /* ChatBubbles.swift in Sources */,
				1A000000000000000000004E /* ChatInputBar.swift in Sources */,
				1A000000000000000000004F /* FileTreeNode.swift in Sources */,
				1A0000000000000000000041 /* Theme.swift in Sources */,
				1A0000000000000000000042 /* Document.swift in Sources */,
				2A0000000000000000000701 /* NoteIndex.swift in Sources */,
				2A0000000000000000000702 /* WikiLinkPopover.swift in Sources */,
				2A0000000000000000000703 /* DailyNoteResolver.swift in Sources */,
				3A0000000000000000000801 /* BacklinkIndex.swift in Sources */,
				3A0000000000000000000802 /* BacklinksView.swift in Sources */,
				3A0000000000000000000803 /* TagIndex.swift in Sources */,
				3A0000000000000000000804 /* TagBrowserView.swift in Sources */,
				3A0000000000000000000805 /* RelatedNotesView.swift in Sources */,
				3A0000000000000000000806 /* PeopleIndex.swift in Sources */,
				3A0000000000000000000807 /* PeopleBrowserView.swift in Sources */,
				4A0000000000000000000901 /* SynthMcpResolver.swift in Sources */,
				4A0000000000000000000902 /* MCPServerManager.swift in Sources */,
			);
			runOnlyForDeploymentPostprocessing = 0;
		};
		1A0000000000000000000501 /* Sources */ = {
			isa = PBXSourcesBuildPhase;
			buildActionMask = 2147483647;
			files = (
				1A0000000000000000000205 /* LinkStoreTests.swift in Sources */,
			);
			runOnlyForDeploymentPostprocessing = 0;
		};
/* End PBXSourcesBuildPhase section */

/* Begin XCBuildConfiguration section */
		1A0000000000000000000009 /* Release */ = {
			isa = XCBuildConfiguration;
			buildSettings = {
				ALWAYS_SEARCH_USER_PATHS = NO;
				CLANG_ENABLE_MODULES = YES;
				CLANG_ENABLE_OBJC_ARC = YES;
				CLANG_WARN_BLOCK_CAPTURE_AUTORELEASING = YES;
				CLANG_WARN_BOOL_CONVERSION = YES;
				CLANG_WARN_COMMA = YES;
				CLANG_WARN_CONSTANT_CONVERSION = YES;
				CLANG_WARN_DEPRECATED_OBJC_IMPLEMENTATIONS = YES;
				CLANG_WARN_EMPTY_BODY = YES;
				CLANG_WARN_ENUM_CONVERSION = YES;
				CLANG_WARN_INFINITE_RECURSION = YES;
				CLANG_WARN_INT_CONVERSION = YES;
				CLANG_WARN_NON_LITERAL_NULL_CONVERSION = YES;
				CLANG_WARN_OBJC_IMPLICIT_RETAIN_SELF = YES;
				CLANG_WARN_OBJC_LITERAL_CONVERSION = YES;
				CLANG_WARN_QUOTED_INCLUDE_IN_FRAMEWORK_HEADER = YES;
				CLANG_WARN_RANGE_LOOP_ANALYSIS = YES;
				CLANG_WARN_STRICT_PROTOTYPES = YES;
				CLANG_WARN_SUSPICIOUS_MOVE = YES;
				CLANG_WARN_UNREACHABLE_CODE = YES;
				CLANG_WARN__DUPLICATE_METHOD_MATCH = YES;
				COPY_PHASE_STRIP = NO;
				DEAD_CODE_STRIPPING = YES;
				DEBUG_INFORMATION_FORMAT = "dwarf-with-dsym";
				ENABLE_NS_ASSERTIONS = NO;
				ENABLE_STRICT_OBJC_MSGSEND = YES;
				ENABLE_USER_SCRIPT_SANDBOXING = NO;
				GCC_NO_COMMON_BLOCKS = YES;
				GCC_WARN_64_TO_32_BIT_CONVERSION = YES;
				GCC_WARN_ABOUT_RETURN_TYPE = YES;
				GCC_WARN_UNDECLARED_SELECTOR = YES;
				GCC_WARN_UNINITIALIZED_AUTOS = YES;
				GCC_WARN_UNUSED_FUNCTION = YES;
				GCC_WARN_UNUSED_VARIABLE = YES;
				MTL_ENABLE_DEBUG_INFO = NO;
				SDKROOT = macosx;
				STRING_CATALOG_GENERATE_SYMBOLS = YES;
				SWIFT_COMPILATION_MODE = wholemodule;
				SWIFT_OPTIMIZATION_LEVEL = "-O";
			};
			name = Release;
		};
		1A000000000000000000000B /* Debug */ = {
			isa = XCBuildConfiguration;
			buildSettings = {
				ALWAYS_SEARCH_USER_PATHS = NO;
				CLANG_ENABLE_MODULES = YES;
				CLANG_ENABLE_OBJC_ARC = YES;
				CLANG_WARN_BLOCK_CAPTURE_AUTORELEASING = YES;
				CLANG_WARN_BOOL_CONVERSION = YES;
				CLANG_WARN_COMMA = YES;
				CLANG_WARN_CONSTANT_CONVERSION = YES;
				CLANG_WARN_DEPRECATED_OBJC_IMPLEMENTATIONS = YES;
				CLANG_WARN_EMPTY_BODY = YES;
				CLANG_WARN_ENUM_CONVERSION = YES;
				CLANG_WARN_INFINITE_RECURSION = YES;
				CLANG_WARN_INT_CONVERSION = YES;
				CLANG_WARN_NON_LITERAL_NULL_CONVERSION = YES;
				CLANG_WARN_OBJC_IMPLICIT_RETAIN_SELF = YES;
				CLANG_WARN_OBJC_LITERAL_CONVERSION = YES;
				CLANG_WARN_QUOTED_INCLUDE_IN_FRAMEWORK_HEADER = YES;
				CLANG_WARN_RANGE_LOOP_ANALYSIS = YES;
				CLANG_WARN_STRICT_PROTOTYPES = YES;
				CLANG_WARN_SUSPICIOUS_MOVE = YES;
				CLANG_WARN_UNREACHABLE_CODE = YES;
				CLANG_WARN__DUPLICATE_METHOD_MATCH = YES;
				COPY_PHASE_STRIP = NO;
				DEAD_CODE_STRIPPING = YES;
				DEBUG_INFORMATION_FORMAT = dwarf;
				ENABLE_STRICT_OBJC_MSGSEND = YES;
				ENABLE_TESTABILITY = YES;
				ENABLE_USER_SCRIPT_SANDBOXING = NO;
				GCC_DYNAMIC_NO_PIC = NO;
				GCC_NO_COMMON_BLOCKS = YES;
				GCC_OPTIMIZATION_LEVEL = 0;
				GCC_PREPROCESSOR_DEFINITIONS = (
					"DEBUG=1",
					"$(inherited)",
				);
				GCC_WARN_64_TO_32_BIT_CONVERSION = YES;
				GCC_WARN_ABOUT_RETURN_TYPE = YES;
				GCC_WARN_UNDECLARED_SELECTOR = YES;
				GCC_WARN_UNINITIALIZED_AUTOS = YES;
				GCC_WARN_UNUSED_FUNCTION = YES;
				GCC_WARN_UNUSED_VARIABLE = YES;
				MTL_ENABLE_DEBUG_INFO = INCLUDE_SOURCE;
				ONLY_ACTIVE_ARCH = YES;
				SDKROOT = macosx;
				STRING_CATALOG_GENERATE_SYMBOLS = YES;
				SWIFT_ACTIVE_COMPILATION_CONDITIONS = DEBUG;
				SWIFT_OPTIMIZATION_LEVEL = "-Onone";
			};
			name = Debug;
		};
		1A0000000000000000000021 /* Debug */ = {
			isa = XCBuildConfiguration;
			buildSettings = {
				ASSETCATALOG_COMPILER_APPICON_NAME = AppIcon;
				CODE_SIGN_STYLE = Automatic;
				COMBINE_HIDPI_IMAGES = YES;
				DEAD_CODE_STRIPPING = YES;
				HEADER_SEARCH_PATHS = "$(PROJECT_DIR)/synth-core";
				INFOPLIST_FILE = SynthApp/Info.plist;
				LIBRARY_SEARCH_PATHS = "$(PROJECT_DIR)/synth-core/target/release";
				MACOSX_DEPLOYMENT_TARGET = 26.0;
				OTHER_LDFLAGS = "-lsynth_core";
				PRODUCT_BUNDLE_IDENTIFIER = com.synth.app;
				PRODUCT_NAME = "$(TARGET_NAME)";
				SWIFT_OBJC_BRIDGING_HEADER = SynthApp/BridgingHeader.h;
				SWIFT_VERSION = 5.0;
			};
			name = Debug;
		};
		1A0000000000000000000022 /* Release */ = {
			isa = XCBuildConfiguration;
			buildSettings = {
				ASSETCATALOG_COMPILER_APPICON_NAME = AppIcon;
				CODE_SIGN_STYLE = Automatic;
				COMBINE_HIDPI_IMAGES = YES;
				DEAD_CODE_STRIPPING = YES;
				HEADER_SEARCH_PATHS = "$(PROJECT_DIR)/synth-core";
				INFOPLIST_FILE = SynthApp/Info.plist;
				LIBRARY_SEARCH_PATHS = "$(PROJECT_DIR)/synth-core/target/release";
				MACOSX_DEPLOYMENT_TARGET = 26.0;
				OTHER_LDFLAGS = "-lsynth_core";
				PRODUCT_BUNDLE_IDENTIFIER = com.synth.app;
				PRODUCT_NAME = "$(TARGET_NAME)";
				SWIFT_OBJC_BRIDGING_HEADER = SynthApp/BridgingHeader.h;
				SWIFT_VERSION = 5.0;
			};
			name = Release;
		};
		1A0000000000000000000602 /* Debug */ = {
			isa = XCBuildConfiguration;
			buildSettings = {
				BUNDLE_LOADER = "$(TEST_HOST)";
				CODE_SIGN_STYLE = Automatic;
				INFOPLIST_FILE = SynthAppTests/Info.plist;
				MACOSX_DEPLOYMENT_TARGET = 26.0;
				PRODUCT_BUNDLE_IDENTIFIER = com.synth.appTests;
				PRODUCT_NAME = "$(TARGET_NAME)";
				SWIFT_VERSION = 5.0;
				TEST_HOST = "$(BUILT_PRODUCTS_DIR)/Synth.app/Contents/MacOS/Synth";
			};
			name = Debug;
		};
		1A0000000000000000000603 /* Release */ = {
			isa = XCBuildConfiguration;
			buildSettings = {
				BUNDLE_LOADER = "$(TEST_HOST)";
				CODE_SIGN_STYLE = Automatic;
				INFOPLIST_FILE = SynthAppTests/Info.plist;
				MACOSX_DEPLOYMENT_TARGET = 26.0;
				PRODUCT_BUNDLE_IDENTIFIER = com.synth.appTests;
				PRODUCT_NAME = "$(TARGET_NAME)";
				SWIFT_VERSION = 5.0;
				TEST_HOST = "$(BUILT_PRODUCTS_DIR)/Synth.app/Contents/MacOS/Synth";
			};
			name = Release;
		};
/* End XCBuildConfiguration section */

/* Begin XCConfigurationList section */
		1A000000000000000000000A /* Build configuration list for PBXProject "Synth" */ = {
			isa = XCConfigurationList;
			buildConfigurations = (
				1A000000000000000000000B /* Debug */,
				1A0000000000000000000009 /* Release */,
			);
			defaultConfigurationIsVisible = 0;
			defaultConfigurationName = Release;
		};
		1A0000000000000000000020 /* Build configuration list for PBXNativeTarget "Synth" */ = {
			isa = XCConfigurationList;
			buildConfigurations = (
				1A0000000000000000000021 /* Debug */,
				1A0000000000000000000022 /* Release */,
			);
			defaultConfigurationIsVisible = 0;
			defaultConfigurationName = Release;
		};
		1A0000000000000000000601 /* Build configuration list for PBXNativeTarget "SynthTests" */ = {
			isa = XCConfigurationList;
			buildConfigurations = (
				1A0000000000000000000602 /* Debug */,
				1A0000000000000000000603 /* Release */,
			);
			defaultConfigurationIsVisible = 0;
			defaultConfigurationName = Release;
		};
/* End XCConfigurationList section */
	};
	rootObject = 1A0000000000000000000007 /* Project object */;
}
